
Microsoft Visual Studio Solution File, Format Version 12.00
Project("{FAE04EC0-301F-11D3-BF4B-00C04F79EFBC}") = "day01", "day01\day01.csproj", "{BA58AAD1-1E8C-4515-9CB1-60236375AA97}"
EndProject
Project("{FAE04EC0-301F-11D3-BF4B-00C04F79EFBC}") = "day02", "day02\day02.csproj", "{2D723F1F-1E1B-4ACA-94EA-7031EBC9D443}"
EndProject
Global
	GlobalSection(SolutionConfigurationPlatforms) = preSolution
		Debug|Any CPU = Debug|Any CPU
		Release|Any CPU = Release|Any CPU
	EndGlobalSection
	GlobalSection(ProjectConfigurationPlatforms) = postSolution
		{BA58AAD1-1E8C-4515-9CB1-60236375AA97}.Debug|Any CPU.ActiveCfg = Debug|Any CPU
		{BA58AAD1-1E8C-4515-9CB1-60236375AA97}.Debug|Any CPU.Build.0 = Debug|Any CPU
		{BA58AAD1-1E8C-4515-9CB1-60236375AA97}.Release|Any CPU.ActiveCfg = Release|Any CPU
		{BA58AAD1-1E8C-4515-9CB1-60236375AA97}.Release|Any CPU.Build.0 = Release|Any CPU
		{2D723F1F-1E1B-4ACA-94EA-7031EBC9D443}.Debug|Any CPU.ActiveCfg = Debug|Any CPU
		{2D723F1F-1E1B-4ACA-94EA-7031EBC9D443}.Debug|Any CPU.Build.0 = Debug|Any CPU
		{2D723F1F-1E1B-4ACA-94EA-7031EBC9D443}.Release|Any CPU.ActiveCfg = Release|Any CPU
		{2D723F1F-1E1B-4ACA-94EA-7031EBC9D443}.Release|Any CPU.Build.0 = Release|Any CPU
	EndGlobalSection
EndGlobal
